
Microsoft Visual Studio Solution File, Format Version 12.00
# Visual Studio Version 17
VisualStudioVersion = 17.6.33723.286
MinimumVisualStudioVersion = 10.0.40219.1
Project("{F184B08F-C81C-45F6-A57F-5ABD9991F28F}") = "WindowsApp13", "WindowsApp13\WindowsApp13.vbproj", "{61993EC0-62E1-4061-B68D-0EC369AAAD5C}"
EndProject
Global
	GlobalSection(SolutionConfigurationPlatforms) = preSolution
		Debug|Any CPU = Debug|Any CPU
		Release|Any CPU = Release|Any CPU
	EndGlobalSection
	GlobalSection(ProjectConfigurationPlatforms) = postSolution
		{61993EC0-62E1-4061-B68D-0EC369AAAD5C}.Debug|Any CPU.ActiveCfg = Debug|Any CPU
		{61993EC0-62E1-4061-B68D-0EC369AAAD5C}.Debug|Any CPU.Build.0 = Debug|Any CPU
		{61993EC0-62E1-4061-B68D-0EC369AAAD5C}.Release|Any CPU.ActiveCfg = Release|Any CPU
		{61993EC0-62E1-4061-B68D-0EC369AAAD5C}.Release|Any CPU.Build.0 = Release|Any CPU
	EndGlobalSection
	GlobalSection(SolutionProperties) = preSolution
		HideSolutionNode = FALSE
	EndGlobalSection
	GlobalSection(ExtensibilityGlobals) = postSolution
		SolutionGuid = {0F75919F-BBC0-48F3-9BA4-8641BFCDD89A}
	EndGlobalSection
EndGlobal
